github.com/alecthomas/gometalinter v2.0.8+incompatible h1:Vpli7P5DBP9JJ4ode7AVfbu2fDv65fNb+37XB8yZCcU=
github.com/alecthomas/gometalinter v2.0.8+incompatible/go.mod h1:qfIpQGGz3d+NmgyPBqv+LSh50emm1pt72EtcX2vKYQk=
github.com/alecthomas/units v0.0.0-20151022065526-2efee857e7cf h1:qet1QNfXsQxTZqLG4oE62mJzwPIB8+Tee4RNCL9ulrY=
github.com/alecthomas/units v0.0.0-20151022065526-2efee857e7cf/go.mod h1:ybxpYRFXyAe+OPACYpWeL0wqObRcbAqCMya13uyzqw0=
github.com/asaskevich/govalidator v0.0.0-20161001163130-7b3beb6df3c4 h1:roUAANycAr9TS5tnrZboqlI+bGfcY8n9nDyD1WDgn74=
github.com/asaskevich/govalidator v0.0.0-20161001163130-7b3beb6df3c4/go.mod h1:lB+ZfQJz7igIIfQNfa7Ml4HSf2uFQQRzpGGRXenZAgY=
github.com/dchest/blake2b v1.0.0 h1:KK9LimVmE0MjRl9095XJmKqZ+iLxWATvlcpVFRtaw6s=
github.com/dchest/blake2b v1.0.0/go.mod h1:U034kXgbJpCle2wSk5ybGIVhOSHCVLMDqOzcPEA0F7s=
github.com/go-openapi/errors v0.0.0-20170104180542-fc3f73a22449 h1:23vfSBjmg9n50rkiub84DQARbicffyyUh7oYRMLyz+o=
github.com/go-openapi/errors v0.0.0-20170104180542-fc3f73a22449/go.mod h1:La0D2x9HoXenv7MDEiAv6vWoe84CXFo0PQRk/jdQlww=
github.com/go-openapi/runtime v0.0.0-20170303002511-e66a4c440602 h1:ltSYAGaSUjyk1+qDaDX2nlonnVPmwCPqIbOmeqyZhXg=
github.com/go-openapi/runtime v0.0.0-20170303002511-e66a4c440602/go.mod h1:6v9a6LTXWQCdL8k1AO3cvqx5OtZY/Y9wKTgaoP6YRfA=
github.com/go-openapi/strfmt v0.0.0-20170319025125-93a31ef21ac2 h1:exDK7+WmDWWx6d5Zr77qd41kUJF006HTXxRpOOQhTY8=
github.com/go-openapi/strfmt v0.0.0-20170319025125-93a31ef21ac2/go.mod h1:/bCWipNKhC9QMhD8HRe2EGbU8G0D4Yvh0G6X4k1Xwvg=
github.com/go-openapi/swag v0.0.0-20170129222639-d5f8ebc3b1c5 h1:JR4pouAIYA5IeGRgqZJOs7ABOCV25gac6qThbswLfe4=
github.com/go-openapi/swag v0.0.0-20170129222639-d5f8ebc3b1c5/go.mod h1:DXUve3Dpr1UfpPtxFw+EFuQ41HhCWZfha5jSVRG7C7I=
github.com/google/shlex v0.0.0-20150127133951-6f45313302b9 h1:JM174NTeGNJ2m/oLH3UOWOvWQQKd+BoL3hcSCUWFLt0=
github.com/google/shlex v0.0.0-20150127133951-6f45313302b9/go.mod h1:RpwtwJQFrIEPstU94h88MWPXP2ektJZ8cZ0YntAmXiE=
github.com/mailru/easyjson v0.0.0-20170328210357-2af9a745a611 h1:6HDqXulRMFtI8jZfapWG+nQRFMj8uUGxTI0lYSD61Jo=
github.com/mailru/easyjson v0.0.0-20170328210357-2af9a745a611/go.mod h1:C1wdFJiN94OJF2b5HbByQZoLdCWB1Yqtg26g4irojpc=
github.com/manifoldco/go-base32 v1.0.0 h1:9ECKVKt8nNLFranW+U2ptO6zWTa2AfUdTvMNyvuvoas=
github.com/manifoldco/go-base32 v1.0.0/go.mod h1:DfVBdERE+mFLC9PIwHHo7gGx/ugNX2pTBh87d6tIfEs=
github.com/manifoldco/go-base64 v1.0.0 h1:Q3BZjR3/i/4Mca+65CUyDvvvGPgWyOA/ZjeAk/fcFIA=
github.com/manifoldco/go-base64 v1.0.0/go.mod h1:hc3SFuM/j5FG4ec/u+WMD1cT4w7CJuvjV6/1XO7GEBw=
github.com/mitchellh/mapstructure v0.0.0-20170307201123-53818660ed49 h1:kaWdlw4YogwkDl8CG+/VxhXkrL9uz3n1D9QBC2pEGLE=
github.com/mitchellh/mapstructure v0.0.0-20170307201123-53818660ed49/go.mod h1:FVVH3fgwuzCH5S8UJGiWEs2h04kUh9fWfEaFds41c1Y=
github.com/nicksnyder/go-i18n v1.10.0 h1:5AzlPKvXBH4qBzmZ09Ua9Gipyruv6uApMcrNZdo96+Q=
github.com/nicksnyder/go-i18n v1.10.0/go.mod h1:HrK7VCrbOvQoUAQ7Vpy7i87N7JZZZ7R2xBGjv0j365Q=
github.com/pelletier/go-toml v1.2.0 h1:T5zMGML61Wp+FlcbWjRDT7yAxhJNAiPPLOFECq181zc=
github.com/pelletier/go-toml v1.2.0/go.mod h1:5z9KED0ma1S8pY6P1sdut58dfprrGBbd/94hg7ilaic=
golang.org/x/crypto v0.0.0-20170930174604-9419663f5a44 h1:9lP3x0pW80sDI6t1UMSLA4to18W7R7imwAI/sWS9S8Q=
golang.org/x/crypto v0.0.0-20170930174604-9419663f5a44/go.mod h1:6SG95UA2DQfeDnfUPMdvaQW0Q7yPrPDi9nlGo2tz2b4=
golang.org/x/net v0.0.0-20170406210907-d1e1b351919c h1:zkyv1ZlzrcNbK9At+s48uQhxEN74sAK/yPpj4TlPw1A=
golang.org/x/net v0.0.0-20170406210907-d1e1b351919c/go.mod h1:mL1N/T3taQHkDXs73rZJwtUhF3w3ftmwwsq0BUmARs4=
gopkg.in/alecthomas/kingpin.v3-unstable v3.0.0-20180810215634-df19058c872c h1:vTxShRUnK60yd8DZU+f95p1zSLj814+5CuEh7NjF2/Y=
gopkg.in/alecthomas/kingpin.v3-unstable v3.0.0-20180810215634-df19058c872c/go.mod h1:3HH7i1SgMqlzxCcBmUHW657sD4Kvv9sC3HpL3YukzwA=
gopkg.in/check.v1 v0.0.0-20161208181325-20d25e280405/go.mod h1:Co6ibVJAznAaIkqp8huTwlJQCZ016jof/cbN4VW5Yz0=
gopkg.in/mgo.v2 v2.0.0-20160818020120-3f83fa500528 h1:/saqWwm73dLmuzbNhe92F0QsZ/KiFND+esHco2v1hiY=
gopkg.in/mgo.v2 v2.0.0-20160818020120-3f83fa500528/go.mod h1:yeKp02qBN3iKW1OzL3MGk2IdtZzaj7SFntXj72NppTA=
gopkg.in/yaml.v2 v2.2.1 h1:mUhvW9EsL+naU5Q3cakzfE91YhliOondGd6ZrsDBHQE=
gopkg.in/yaml.v2 v2.2.1/go.mod h1:hI93XBmqTisBFMUTm0b8Fm+jr3Dg1NNxqwp+5A1VGuI=
