# This file is autogenerated, do not edit; changes may be undone by the next 'dep ensure'.


[[projects]]
  name = "github.com/asaskevich/govalidator"
  packages = ["."]
  revision = "7b3beb6df3c42abd3509abfc3bcacc0fbfb7c877"
  version = "v5"

[[projects]]
  branch = "master"
  name = "github.com/dchest/blake2b"
  packages = ["."]
  revision = "06006a921c7d13e3fdf63c401cb0e4529a26e6e4"

[[projects]]
  name = "github.com/go-openapi/errors"
  packages = ["."]
  revision = "fc3f73a224499b047eda7191e5d22e1e9631e86f"

[[projects]]
  name = "github.com/go-openapi/runtime"
  packages = ["."]
  revision = "e66a4c4406028a04ddafd6002c378ffd3db7e52b"

[[projects]]
  name = "github.com/go-openapi/strfmt"
  packages = ["."]
  revision = "93a31ef21ac23f317792fff78f9539219dd74619"

[[projects]]
  name = "github.com/go-openapi/swag"
  packages = ["."]
  revision = "d5f8ebc3b1c55a4cf6489eeae7354f338cfe299e"

[[projects]]
  name = "github.com/mailru/easyjson"
  packages = ["buffer","jlexer","jwriter"]
  revision = "2af9a745a611440bab0528e5ac19b2805a1c50eb"

[[projects]]
  name = "github.com/manifoldco/go-base32"
  packages = ["."]
  revision = "b6687e64fc5e75d8bb58badb858d79c46b0eee96"
  version = "v1.0.0"

[[projects]]
  name = "github.com/mitchellh/mapstructure"
  packages = ["."]
  revision = "53818660ed4955e899c0bcafa97299a388bd7c8e"

[[projects]]
  name = "golang.org/x/net"
  packages = ["context"]
  revision = "d1e1b351919c6738fdeb9893d5c998b161464f0c"

[[projects]]
  branch = "v2"
  name = "gopkg.in/mgo.v2"
  packages = ["bson","internal/json"]
  revision = "3f83fa5005286a7fe593b055f0d7771a7dce4655"

[solve-meta]
  analyzer-name = "dep"
  analyzer-version = 1
  inputs-digest = "394838c6d3f636ef89160b9e58f47ff3bef0a7ba488a03652d8d80f4d39f6fa0"
  solver-name = "gps-cdcl"
  solver-version = 1
